# THIS IS AN AUTOGENERATED FILE. DO NOT EDIT THIS FILE DIRECTLY.
# yarn lockfile v1


effector@^20.3.0:
  version "20.3.0"
  resolved "https://registry.yarnpkg.com/effector/-/effector-20.3.0.tgz#d6e39ffde8f38f39c1cc3382bcb4cbbadfe509bd"
  integrity sha512-u8sqe5gplF1o2SehBAjPu6q1NuidX+edzwq6JGhHK61lWF63Z2CfsfBa7+PwEhsSUiFerzsmCEgB/I8Pulj7vQ==
  dependencies:
    symbol-observable "^1.2.0"

symbol-observable@^1.2.0:
  version "1.2.0"
  resolved "https://registry.yarnpkg.com/symbol-observable/-/symbol-observable-1.2.0.tgz#c22688aed4eab3cdc2dfeacbb561660560a00804"
  integrity sha512-e900nM8RRtGhlV36KGEU9k65K3mPb1WV70OdjfxlG2EAuM1noi/E/BaW/uMhL7bPEssK8QV57vN3esixjUvcXQ==

typescript@^3.6.3:
  version "3.6.3"
  resolved "https://registry.yarnpkg.com/typescript/-/typescript-3.6.3.tgz#fea942fabb20f7e1ca7164ff626f1a9f3f70b4da"
  integrity sha512-N7bceJL1CtRQ2RiG0AQME13ksR7DiuQh/QehubYcghzv20tnh+MQnQIuJddTmsbqYj+dztchykemz0zFzlvdQw==
